
Microsoft Visual Studio Solution File, Format Version 12.00
# Visual Studio Version 16
VisualStudioVersion = 16.0.32802.440
MinimumVisualStudioVersion = 10.0.40219.1
Project("{FAE04EC0-301F-11D3-BF4B-00C04F79EFBC}") = "MinboxTestLibrary", "MinboxTestLibrary\MinboxTestLibrary.csproj", "{1638AFDD-CE86-4892-804D-28BE332455CE}"
EndProject
Global
	GlobalSection(SolutionConfigurationPlatforms) = preSolution
		Debug|Any CPU = Debug|Any CPU
		Release|Any CPU = Release|Any CPU
	EndGlobalSection
	GlobalSection(ProjectConfigurationPlatforms) = postSolution
		{1638AFDD-CE86-4892-804D-28BE332455CE}.Debug|Any CPU.ActiveCfg = Debug|Any CPU
		{1638AFDD-CE86-4892-804D-28BE332455CE}.Debug|Any CPU.Build.0 = Debug|Any CPU
		{1638AFDD-CE86-4892-804D-28BE332455CE}.Release|Any CPU.ActiveCfg = Release|Any CPU
		{1638AFDD-CE86-4892-804D-28BE332455CE}.Release|Any CPU.Build.0 = Release|Any CPU
	EndGlobalSection
	GlobalSection(SolutionProperties) = preSolution
		HideSolutionNode = FALSE
	EndGlobalSection
	GlobalSection(ExtensibilityGlobals) = postSolution
		SolutionGuid = {0BC7BC3B-2B8E-4774-9CA6-91F1FC37A8F2}
	EndGlobalSection
EndGlobal
